
Microsoft Visual Studio Solution File, Format Version 12.00
# Visual Studio 15
VisualStudioVersion = 15.0.28010.2036
MinimumVisualStudioVersion = 10.0.40219.1
Project("{FAE04EC0-301F-11D3-BF4B-00C04F79EFBC}") = "LU.Core.Rest", "LU.Core.Rest\LU.Core.Rest.csproj", "{9E34D948-44F9-4D83-8BCD-16C1CC85FCFA}"
EndProject
Project("{FAE04EC0-301F-11D3-BF4B-00C04F79EFBC}") = "LU.Core.Rest.Model", "LU.Core.Rest.Model\LU.Core.Rest.Model.csproj", "{C35A0123-850A-4F14-8923-AED72937A6AB}"
EndProject
Project("{FAE04EC0-301F-11D3-BF4B-00C04F79EFBC}") = "LU.Core.Rest.Domain", "LU.Core.Rest.Domain\LU.Core.Rest.Domain.csproj", "{114280B7-4BC9-40AD-A4B3-F86E34C4F73A}"
EndProject
Global
	GlobalSection(SolutionConfigurationPlatforms) = preSolution
		Debug|Any CPU = Debug|Any CPU
		Release|Any CPU = Release|Any CPU
	EndGlobalSection
	GlobalSection(ProjectConfigurationPlatforms) = postSolution
		{9E34D948-44F9-4D83-8BCD-16C1CC85FCFA}.Debug|Any CPU.ActiveCfg = Debug|Any CPU
		{9E34D948-44F9-4D83-8BCD-16C1CC85FCFA}.Debug|Any CPU.Build.0 = Debug|Any CPU
		{9E34D948-44F9-4D83-8BCD-16C1CC85FCFA}.Release|Any CPU.ActiveCfg = Release|Any CPU
		{9E34D948-44F9-4D83-8BCD-16C1CC85FCFA}.Release|Any CPU.Build.0 = Release|Any CPU
		{C35A0123-850A-4F14-8923-AED72937A6AB}.Debug|Any CPU.ActiveCfg = Debug|Any CPU
		{C35A0123-850A-4F14-8923-AED72937A6AB}.Debug|Any CPU.Build.0 = Debug|Any CPU
		{C35A0123-850A-4F14-8923-AED72937A6AB}.Release|Any CPU.ActiveCfg = Release|Any CPU
		{C35A0123-850A-4F14-8923-AED72937A6AB}.Release|Any CPU.Build.0 = Release|Any CPU
		{114280B7-4BC9-40AD-A4B3-F86E34C4F73A}.Debug|Any CPU.ActiveCfg = Debug|Any CPU
		{114280B7-4BC9-40AD-A4B3-F86E34C4F73A}.Debug|Any CPU.Build.0 = Debug|Any CPU
		{114280B7-4BC9-40AD-A4B3-F86E34C4F73A}.Release|Any CPU.ActiveCfg = Release|Any CPU
		{114280B7-4BC9-40AD-A4B3-F86E34C4F73A}.Release|Any CPU.Build.0 = Release|Any CPU
	EndGlobalSection
	GlobalSection(SolutionProperties) = preSolution
		HideSolutionNode = FALSE
	EndGlobalSection
	GlobalSection(ExtensibilityGlobals) = postSolution
		SolutionGuid = {15176495-B7CC-4B87-ABC3-89E3745DBC8D}
	EndGlobalSection
EndGlobal
